
Microsoft Visual Studio Solution File, Format Version 12.00
# Visual Studio 15
VisualStudioVersion = 15.0.28307.102
MinimumVisualStudioVersion = 10.0.40219.1
Project("{9A19103F-16F7-4668-BE54-9A1E7A4F7556}") = "Kinopub.Api", "Kinopub.Api\Kinopub.Api.csproj", "{1291A7FB-8BC1-4258-B0F1-3C7836A78AE7}"
EndProject
Project("{FAE04EC0-301F-11D3-BF4B-00C04F79EFBC}") = "Kinopub.UI", "Kinopub.UI\Kinopub.UI.csproj", "{B36F6DF8-AD4A-4D07-AA28-7A65001B6AE1}"
EndProject
Project("{FAE04EC0-301F-11D3-BF4B-00C04F79EFBC}") = "Kinopub.Testing.Api", "Kinopub.Testing.Api\Kinopub.Testing.Api.csproj", "{E53B1ECD-BB4D-420F-952D-D399628D3B23}"
EndProject
Global
	GlobalSection(SolutionConfigurationPlatforms) = preSolution
		Debug|Any CPU = Debug|Any CPU
		Debug|ARM = Debug|ARM
		Debug|ARM64 = Debug|ARM64
		Debug|x64 = Debug|x64
		Debug|x86 = Debug|x86
		Release|Any CPU = Release|Any CPU
		Release|ARM = Release|ARM
		Release|ARM64 = Release|ARM64
		Release|x64 = Release|x64
		Release|x86 = Release|x86
	EndGlobalSection
	GlobalSection(ProjectConfigurationPlatforms) = postSolution
		{1291A7FB-8BC1-4258-B0F1-3C7836A78AE7}.Debug|Any CPU.ActiveCfg = Debug|Any CPU
		{1291A7FB-8BC1-4258-B0F1-3C7836A78AE7}.Debug|Any CPU.Build.0 = Debug|Any CPU
		{1291A7FB-8BC1-4258-B0F1-3C7836A78AE7}.Debug|ARM.ActiveCfg = Debug|Any CPU
		{1291A7FB-8BC1-4258-B0F1-3C7836A78AE7}.Debug|ARM.Build.0 = Debug|Any CPU
		{1291A7FB-8BC1-4258-B0F1-3C7836A78AE7}.Debug|ARM64.ActiveCfg = Debug|Any CPU
		{1291A7FB-8BC1-4258-B0F1-3C7836A78AE7}.Debug|ARM64.Build.0 = Debug|Any CPU
		{1291A7FB-8BC1-4258-B0F1-3C7836A78AE7}.Debug|x64.ActiveCfg = Debug|Any CPU
		{1291A7FB-8BC1-4258-B0F1-3C7836A78AE7}.Debug|x64.Build.0 = Debug|Any CPU
		{1291A7FB-8BC1-4258-B0F1-3C7836A78AE7}.Debug|x86.ActiveCfg = Debug|Any CPU
		{1291A7FB-8BC1-4258-B0F1-3C7836A78AE7}.Debug|x86.Build.0 = Debug|Any CPU
		{1291A7FB-8BC1-4258-B0F1-3C7836A78AE7}.Release|Any CPU.ActiveCfg = Release|Any CPU
		{1291A7FB-8BC1-4258-B0F1-3C7836A78AE7}.Release|Any CPU.Build.0 = Release|Any CPU
		{1291A7FB-8BC1-4258-B0F1-3C7836A78AE7}.Release|ARM.ActiveCfg = Release|Any CPU
		{1291A7FB-8BC1-4258-B0F1-3C7836A78AE7}.Release|ARM.Build.0 = Release|Any CPU
		{1291A7FB-8BC1-4258-B0F1-3C7836A78AE7}.Release|ARM64.ActiveCfg = Release|Any CPU
		{1291A7FB-8BC1-4258-B0F1-3C7836A78AE7}.Release|ARM64.Build.0 = Release|Any CPU
		{1291A7FB-8BC1-4258-B0F1-3C7836A78AE7}.Release|x64.ActiveCfg = Release|Any CPU
		{1291A7FB-8BC1-4258-B0F1-3C7836A78AE7}.Release|x64.Build.0 = Release|Any CPU
		{1291A7FB-8BC1-4258-B0F1-3C7836A78AE7}.Release|x86.ActiveCfg = Release|Any CPU
		{1291A7FB-8BC1-4258-B0F1-3C7836A78AE7}.Release|x86.Build.0 = Release|Any CPU
		{B36F6DF8-AD4A-4D07-AA28-7A65001B6AE1}.Debug|Any CPU.ActiveCfg = Debug|x86
		{B36F6DF8-AD4A-4D07-AA28-7A65001B6AE1}.Debug|ARM.ActiveCfg = Debug|ARM
		{B36F6DF8-AD4A-4D07-AA28-7A65001B6AE1}.Debug|ARM.Build.0 = Debug|ARM
		{B36F6DF8-AD4A-4D07-AA28-7A65001B6AE1}.Debug|ARM.Deploy.0 = Debug|ARM
		{B36F6DF8-AD4A-4D07-AA28-7A65001B6AE1}.Debug|ARM64.ActiveCfg = Debug|ARM64
		{B36F6DF8-AD4A-4D07-AA28-7A65001B6AE1}.Debug|ARM64.Build.0 = Debug|ARM64
		{B36F6DF8-AD4A-4D07-AA28-7A65001B6AE1}.Debug|ARM64.Deploy.0 = Debug|ARM64
		{B36F6DF8-AD4A-4D07-AA28-7A65001B6AE1}.Debug|x64.ActiveCfg = Debug|x64
		{B36F6DF8-AD4A-4D07-AA28-7A65001B6AE1}.Debug|x64.Build.0 = Debug|x64
		{B36F6DF8-AD4A-4D07-AA28-7A65001B6AE1}.Debug|x64.Deploy.0 = Debug|x64
		{B36F6DF8-AD4A-4D07-AA28-7A65001B6AE1}.Debug|x86.ActiveCfg = Debug|x86
		{B36F6DF8-AD4A-4D07-AA28-7A65001B6AE1}.Debug|x86.Build.0 = Debug|x86
		{B36F6DF8-AD4A-4D07-AA28-7A65001B6AE1}.Debug|x86.Deploy.0 = Debug|x86
		{B36F6DF8-AD4A-4D07-AA28-7A65001B6AE1}.Release|Any CPU.ActiveCfg = Release|x86
		{B36F6DF8-AD4A-4D07-AA28-7A65001B6AE1}.Release|ARM.ActiveCfg = Release|ARM
		{B36F6DF8-AD4A-4D07-AA28-7A65001B6AE1}.Release|ARM.Build.0 = Release|ARM
		{B36F6DF8-AD4A-4D07-AA28-7A65001B6AE1}.Release|ARM.Deploy.0 = Release|ARM
		{B36F6DF8-AD4A-4D07-AA28-7A65001B6AE1}.Release|ARM64.ActiveCfg = Release|ARM64
		{B36F6DF8-AD4A-4D07-AA28-7A65001B6AE1}.Release|ARM64.Build.0 = Release|ARM64
		{B36F6DF8-AD4A-4D07-AA28-7A65001B6AE1}.Release|ARM64.Deploy.0 = Release|ARM64
		{B36F6DF8-AD4A-4D07-AA28-7A65001B6AE1}.Release|x64.ActiveCfg = Release|x64
		{B36F6DF8-AD4A-4D07-AA28-7A65001B6AE1}.Release|x64.Build.0 = Release|x64
		{B36F6DF8-AD4A-4D07-AA28-7A65001B6AE1}.Release|x64.Deploy.0 = Release|x64
		{B36F6DF8-AD4A-4D07-AA28-7A65001B6AE1}.Release|x86.ActiveCfg = Release|x86
		{B36F6DF8-AD4A-4D07-AA28-7A65001B6AE1}.Release|x86.Build.0 = Release|x86
		{B36F6DF8-AD4A-4D07-AA28-7A65001B6AE1}.Release|x86.Deploy.0 = Release|x86
		{E53B1ECD-BB4D-420F-952D-D399628D3B23}.Debug|Any CPU.ActiveCfg = Debug|Any CPU
		{E53B1ECD-BB4D-420F-952D-D399628D3B23}.Debug|Any CPU.Build.0 = Debug|Any CPU
		{E53B1ECD-BB4D-420F-952D-D399628D3B23}.Debug|ARM.ActiveCfg = Debug|Any CPU
		{E53B1ECD-BB4D-420F-952D-D399628D3B23}.Debug|ARM.Build.0 = Debug|Any CPU
		{E53B1ECD-BB4D-420F-952D-D399628D3B23}.Debug|ARM64.ActiveCfg = Debug|Any CPU
		{E53B1ECD-BB4D-420F-952D-D399628D3B23}.Debug|ARM64.Build.0 = Debug|Any CPU
		{E53B1ECD-BB4D-420F-952D-D399628D3B23}.Debug|x64.ActiveCfg = Debug|Any CPU
		{E53B1ECD-BB4D-420F-952D-D399628D3B23}.Debug|x64.Build.0 = Debug|Any CPU
		{E53B1ECD-BB4D-420F-952D-D399628D3B23}.Debug|x86.ActiveCfg = Debug|Any CPU
		{E53B1ECD-BB4D-420F-952D-D399628D3B23}.Debug|x86.Build.0 = Debug|Any CPU
		{E53B1ECD-BB4D-420F-952D-D399628D3B23}.Release|Any CPU.ActiveCfg = Release|Any CPU
		{E53B1ECD-BB4D-420F-952D-D399628D3B23}.Release|Any CPU.Build.0 = Release|Any CPU
		{E53B1ECD-BB4D-420F-952D-D399628D3B23}.Release|ARM.ActiveCfg = Release|Any CPU
		{E53B1ECD-BB4D-420F-952D-D399628D3B23}.Release|ARM.Build.0 = Release|Any CPU
		{E53B1ECD-BB4D-420F-952D-D399628D3B23}.Release|ARM64.ActiveCfg = Release|Any CPU
		{E53B1ECD-BB4D-420F-952D-D399628D3B23}.Release|ARM64.Build.0 = Release|Any CPU
		{E53B1ECD-BB4D-420F-952D-D399628D3B23}.Release|x64.ActiveCfg = Release|Any CPU
		{E53B1ECD-BB4D-420F-952D-D399628D3B23}.Release|x64.Build.0 = Release|Any CPU
		{E53B1ECD-BB4D-420F-952D-D399628D3B23}.Release|x86.ActiveCfg = Release|Any CPU
		{E53B1ECD-BB4D-420F-952D-D399628D3B23}.Release|x86.Build.0 = Release|Any CPU
	EndGlobalSection
	GlobalSection(SolutionProperties) = preSolution
		HideSolutionNode = FALSE
	EndGlobalSection
	GlobalSection(ExtensibilityGlobals) = postSolution
		SolutionGuid = {3A0D80A8-B951-4343-8ED7-6FD6E8287B56}
	EndGlobalSection
EndGlobal
